{"filter":false,"title":"mongod.lock","tooltip":"/data/mongod.lock","undoManager":{"mark":-1,"position":-1,"stack":[]},"ace":{"folds":[],"scrolltop":0,"scrollleft":0,"selection":{"start":{"row":0,"column":0},"end":{"row":0,"column":0},"isBackwards":false},"options":{"guessTabSize":true,"useWrapMode":false,"wrapToView":true},"firstLineState":0},"timestamp":1464157607139,"hash":"e6f28c6ce2f17a441aa1207f2215270f4340bb19"}